# This file is automatically @generated by Poetry 1.5.1 and should not be changed by hand.

[[package]]
name = "anyio"
version = "3.7.1"
description = "High level compatibility layer for multiple asynchronous event loop implementations"
optional = false
python-versions = ">=3.7"
files = [
    {file = "anyio-3.7.1-py3-none-any.whl", hash = "sha256:91dee416e570e92c64041bd18b900d1d6fa78dff7048769ce5ac5ddad004fbb5"},
    {file = "anyio-3.7.1.tar.gz", hash = "sha256:44a3c9aba0f5defa43261a8b3efb97891f2bd7d804e0e1f56419befa1adfc780"},
]

[package.dependencies]
exceptiongroup = {version = "*", markers = "python_version < \"3.11\""}
idna = ">=2.8"
sniffio = ">=1.1"

[package.extras]
doc = ["Sphinx", "packaging", "sphinx-autodoc-typehints (>=1.2.0)", "sphinx-rtd-theme (>=1.2.2)", "sphinxcontrib-jquery"]
test = ["anyio[trio]", "coverage[toml] (>=4.5)", "hypothesis (>=4.0)", "mock (>=4)", "psutil (>=5.9)", "pytest (>=7.0)", "pytest-mock (>=3.6.1)", "trustme", "uvloop (>=0.17)"]
trio = ["trio (<0.22)"]

[[package]]
name = "apscheduler"
version = "3.10.1"
description = "In-process task scheduler with Cron-like capabilities"
optional = false
python-versions = ">=3.6"
files = [
    {file = "APScheduler-3.10.1-py3-none-any.whl", hash = "sha256:e813ad5ada7aff36fb08cdda746b520531eaac7757832abc204868ba78e0c8f6"},
    {file = "APScheduler-3.10.1.tar.gz", hash = "sha256:0293937d8f6051a0f493359440c1a1b93e882c57daf0197afeff0e727777b96e"},
]

[package.dependencies]
pytz = "*"
setuptools = ">=0.7"
six = ">=1.4.0"
tzlocal = ">=2.0,<3.dev0 || >=4.dev0"

[package.extras]
doc = ["sphinx", "sphinx-rtd-theme"]
gevent = ["gevent"]
mongodb = ["pymongo (>=3.0)"]
redis = ["redis (>=3.0)"]
rethinkdb = ["rethinkdb (>=2.4.0)"]
sqlalchemy = ["sqlalchemy (>=1.4)"]
testing = ["pytest", "pytest-asyncio", "pytest-cov", "pytest-tornado5"]
tornado = ["tornado (>=4.3)"]
twisted = ["twisted"]
zookeeper = ["kazoo"]

[[package]]
name = "certifi"
version = "2023.5.7"
description = "Python package for providing Mozilla's CA Bundle."
optional = false
python-versions = ">=3.6"
files = [
    {file = "certifi-2023.5.7-py3-none-any.whl", hash = "sha256:c6c2e98f5c7869efca1f8916fed228dd91539f9f1b444c314c06eef02980c716"},
    {file = "certifi-2023.5.7.tar.gz", hash = "sha256:0f0d56dc5a6ad56fd4ba36484d6cc34451e1c6548c61daad8c320169f91eddc7"},
]

[[package]]
name = "dynaconf"
version = "3.2.0"
description = "The dynamic configurator for your Python Project"
optional = false
python-versions = ">=3.8"
files = [
    {file = "dynaconf-3.2.0-py2.py3-none-any.whl", hash = "sha256:791d8029c74548d57b0266aabd6557ebfff6540bffd7f58ba700f577c047c0f5"},
    {file = "dynaconf-3.2.0.tar.gz", hash = "sha256:a28442d12860a44fad5fa1d9db918c710cbfc971e8b7694697429fb8f1c3c620"},
]

[package.extras]
all = ["configobj", "hvac", "redis", "ruamel.yaml"]
configobj = ["configobj"]
ini = ["configobj"]
redis = ["redis"]
test = ["configobj", "django", "flake8", "flake8-debugger", "flake8-print", "flake8-todo", "flask (>=0.12)", "hvac", "pep8-naming", "pytest", "pytest-cov", "pytest-mock", "pytest-xdist", "python-dotenv", "radon", "redis", "toml"]
toml = ["toml"]
vault = ["hvac"]
yaml = ["ruamel.yaml"]

[[package]]
name = "exceptiongroup"
version = "1.1.2"
description = "Backport of PEP 654 (exception groups)"
optional = false
python-versions = ">=3.7"
files = [
    {file = "exceptiongroup-1.1.2-py3-none-any.whl", hash = "sha256:e346e69d186172ca7cf029c8c1d16235aa0e04035e5750b4b95039e65204328f"},
    {file = "exceptiongroup-1.1.2.tar.gz", hash = "sha256:12c3e887d6485d16943a309616de20ae5582633e0a2eda17f4e10fd61c1e8af5"},
]

[package.extras]
test = ["pytest (>=6)"]

[[package]]
name = "h11"
version = "0.14.0"
description = "A pure-Python, bring-your-own-I/O implementation of HTTP/1.1"
optional = false
python-versions = ">=3.7"
files = [
    {file = "h11-0.14.0-py3-none-any.whl", hash = "sha256:e3fe4ac4b851c468cc8363d500db52c2ead036020723024a109d37346efaa761"},
    {file = "h11-0.14.0.tar.gz", hash = "sha256:8f19fbbe99e72420ff35c00b27a34cb9937e902a8b810e2c88300c6f0a3b699d"},
]

[[package]]
name = "httpcore"
version = "0.17.3"
description = "A minimal low-level HTTP client."
optional = false
python-versions = ">=3.7"
files = [
    {file = "httpcore-0.17.3-py3-none-any.whl", hash = "sha256:c2789b767ddddfa2a5782e3199b2b7f6894540b17b16ec26b2c4d8e103510b87"},
    {file = "httpcore-0.17.3.tar.gz", hash = "sha256:a6f30213335e34c1ade7be6ec7c47f19f50c56db36abef1a9dfa3815b1cb3888"},
]

[package.dependencies]
anyio = ">=3.0,<5.0"
certifi = "*"
h11 = ">=0.13,<0.15"
sniffio = "==1.*"

[package.extras]
http2 = ["h2 (>=3,<5)"]
socks = ["socksio (==1.*)"]

[[package]]
name = "httpx"
version = "0.24.1"
description = "The next generation HTTP client."
optional = false
python-versions = ">=3.7"
files = [
    {file = "httpx-0.24.1-py3-none-any.whl", hash = "sha256:06781eb9ac53cde990577af654bd990a4949de37a28bdb4a230d434f3a30b9bd"},
    {file = "httpx-0.24.1.tar.gz", hash = "sha256:5853a43053df830c20f8110c5e69fe44d035d850b2dfe795e196f00fdb774bdd"},
]

[package.dependencies]
certifi = "*"
httpcore = ">=0.15.0,<0.18.0"
idna = "*"
sniffio = "*"

[package.extras]
brotli = ["brotli", "brotlicffi"]
cli = ["click (==8.*)", "pygments (==2.*)", "rich (>=10,<14)"]
http2 = ["h2 (>=3,<5)"]
socks = ["socksio (==1.*)"]

[[package]]
name = "idna"
version = "3.4"
description = "Internationalized Domain Names in Applications (IDNA)"
optional = false
python-versions = ">=3.5"
files = [
    {file = "idna-3.4-py3-none-any.whl", hash = "sha256:90b77e79eaa3eba6de819a0c442c0b4ceefc341a7a2ab77d7562bf49f425c5c2"},
    {file = "idna-3.4.tar.gz", hash = "sha256:814f528e8dead7d329833b91c5faa87d60bf71824cd12a7530b5526063d02cb4"},
]

[[package]]
name = "ijson"
version = "3.2.2"
description = "Iterative JSON parser with standard Python iterator interfaces"
optional = false
python-versions = "*"
files = [
    {file = "ijson-3.2.2-cp310-cp310-macosx_10_9_universal2.whl", hash = "sha256:ac48d9b11782ed6198efedae29761a1f4fb0a87485c7a7fdecf790825629c1c8"},
    {file = "ijson-3.2.2-cp310-cp310-macosx_10_9_x86_64.whl", hash = "sha256:afb95a065eb3179a4e0765e9c48e2ffb5a43aba583ceae3891d52e75ee94f01c"},
    {file = "ijson-3.2.2-cp310-cp310-macosx_11_0_arm64.whl", hash = "sha256:34126c5c8027116d94a6725ba0bbd12727e4d5a0c5592f5ba636bd141fc7ed70"},
    {file = "ijson-3.2.2-cp310-cp310-manylinux_2_17_aarch64.manylinux2014_aarch64.whl", hash = "sha256:861d15df0783e8a96311b6bcbd45b1a738bf938fd2240eeec4e84a2def0dd16a"},
    {file = "ijson-3.2.2-cp310-cp310-manylinux_2_17_i686.manylinux2014_i686.whl", hash = "sha256:f5356b7776951756a7a7e310f12cf525c516d60b7f834c946844ce2dfef58a0a"},
    {file = "ijson-3.2.2-cp310-cp310-manylinux_2_17_x86_64.manylinux2014_x86_64.whl", hash = "sha256:60289cadada7e3d4499730e6340d493ef9ca7de31fae9e5381809f99bada38f5"},
    {file = "ijson-3.2.2-cp310-cp310-musllinux_1_1_aarch64.whl", hash = "sha256:77ca22acd49f1e6cf9e1747a82cfec2a919f00c93c882218e4773aa7f9121dff"},
    {file = "ijson-3.2.2-cp310-cp310-musllinux_1_1_i686.whl", hash = "sha256:f677ce65733e385c049ef90d527c4d7312120e0f68fd9bf0d33021c374398576"},
    {file = "ijson-3.2.2-cp310-cp310-musllinux_1_1_x86_64.whl", hash = "sha256:faabf7789769ac73b8be3ca7baf76e9fce3901bfeeebc9682edb2a5f0314b9d3"},
    {file = "ijson-3.2.2-cp310-cp310-win32.whl", hash = "sha256:27d2383190cbe0560fe91a99e7c35aa8e46c41283fc6fcb8d00a08d19cfc3ff0"},
    {file = "ijson-3.2.2-cp310-cp310-win_amd64.whl", hash = "sha256:737384969a1e94c508be4109fda4bb060d81aa2f21d52cdfd32568ace98bec5d"},
    {file = "ijson-3.2.2-cp311-cp311-macosx_10_9_universal2.whl", hash = "sha256:0199456b6b3d830d8850c99327da5fad293ead515e656768941263e8c588ff28"},
    {file = "ijson-3.2.2-cp311-cp311-macosx_10_9_x86_64.whl", hash = "sha256:580c6635d3cf3c591b43e6c70e70b945bb947d23b1651cf7e8c0bb770b25852f"},
    {file = "ijson-3.2.2-cp311-cp311-macosx_11_0_arm64.whl", hash = "sha256:e51cbf1c3659ae88ebeae597a7e8a4f5b92be9678a235dd5317ff76b3b3017e5"},
    {file = "ijson-3.2.2-cp311-cp311-manylinux_2_17_aarch64.manylinux2014_aarch64.whl", hash = "sha256:edbc3fdfcba8c68437d9799e2ebe36f338e2149b546fc6b0de7dbb4067980fca"},
    {file = "ijson-3.2.2-cp311-cp311-manylinux_2_17_i686.manylinux2014_i686.whl", hash = "sha256:e62b879d85d3000541997244bbaa45eccbaf50e4bbde8239ba2011fec9ce1f9c"},
    {file = "ijson-3.2.2-cp311-cp311-manylinux_2_17_x86_64.manylinux2014_x86_64.whl", hash = "sha256:9f3c95f8694ccd018159d51e25dd87f8021880ef49a52a5a91ea946d8e18d35e"},
    {file = "ijson-3.2.2-cp311-cp311-musllinux_1_1_aarch64.whl", hash = "sha256:97b7ee99be6f564b4bab7317a060469d5a18bcfa0ae85f9be3db1c2146694977"},
    {file = "ijson-3.2.2-cp311-cp311-musllinux_1_1_i686.whl", hash = "sha256:0cf5911658aa102a6c726bca58a72a08b910cc97e4168ae3a9b308b826f95194"},
    {file = "ijson-3.2.2-cp311-cp311-musllinux_1_1_x86_64.whl", hash = "sha256:b75592e9196294eb4e19cde4d4f39dcdc3eefddcdfbc96ae7ec8843d0817e802"},
    {file = "ijson-3.2.2-cp311-cp311-win32.whl", hash = "sha256:d9c3919a2f937b9771d6e4d2e4dfd5ab9596c9cc63ba06471ad612525e13eef2"},
    {file = "ijson-3.2.2-cp311-cp311-win_amd64.whl", hash = "sha256:ba97de4442c031181581f16695308528380fd0ba904adc7ed1799b077fc61a15"},
    {file = "ijson-3.2.2-cp36-cp36m-macosx_10_9_x86_64.whl", hash = "sha256:3f1d3979951288000534b258461ce5d9388078c306d9c12af04153bb6a5f36f3"},
    {file = "ijson-3.2.2-cp36-cp36m-manylinux_2_17_aarch64.manylinux2014_aarch64.whl", hash = "sha256:9eec9d145d6ea6bd24ca147c07a49f80a9feadbe3d0b665d6144f2f94d6bf06f"},
    {file = "ijson-3.2.2-cp36-cp36m-manylinux_2_17_i686.manylinux2014_i686.whl", hash = "sha256:3d8b55e6bc5e1e079a834f5bbfc30b0cc49444e1e9a33f1e4bede933dfecdabc"},
    {file = "ijson-3.2.2-cp36-cp36m-manylinux_2_17_x86_64.manylinux2014_x86_64.whl", hash = "sha256:13957abec999a5961cd046125e667c33c79feb8e876efea6f2f86b188c3172f2"},
    {file = "ijson-3.2.2-cp36-cp36m-musllinux_1_1_aarch64.whl", hash = "sha256:7b93a76ac6f07c1f32323cde2ab90758d2dd229f3cf193c09616de211be25bb3"},
    {file = "ijson-3.2.2-cp36-cp36m-musllinux_1_1_i686.whl", hash = "sha256:07151b4d83763a5e3ee8f61c1dcd350f6a955c60200cd1d8f9989049667fa3c4"},
    {file = "ijson-3.2.2-cp36-cp36m-musllinux_1_1_x86_64.whl", hash = "sha256:759397feea371ac757033884896a92b881fbba284a93751681c2d2397aa82634"},
    {file = "ijson-3.2.2-cp36-cp36m-win32.whl", hash = "sha256:af0ff99cbdb0fb2d176d3fba1035a957bb52e1f7c3b579d06159f78e7520801d"},
    {file = "ijson-3.2.2-cp36-cp36m-win_amd64.whl", hash = "sha256:53092b6408a1671b2ed10a153b277bd718d76fed311a34643792a488dea6a6eb"},
    {file = "ijson-3.2.2-cp37-cp37m-macosx_10_9_x86_64.whl", hash = "sha256:dd591fb5d8e86c4e79be5a48d4489af064f10de679fe4697842c4812ff678628"},
    {file = "ijson-3.2.2-cp37-cp37m-manylinux_2_17_aarch64.manylinux2014_aarch64.whl", hash = "sha256:b65ea9b9932d9baa716188914c8b40d677f4e23bd94a45f42da45d064cb69677"},
    {file = "ijson-3.2.2-cp37-cp37m-manylinux_2_17_i686.manylinux2014_i686.whl", hash = "sha256:7d809f8ba3295c2d91bdc4f4a522c93973481a6d09232481e5b056fe88294bf0"},
    {file = "ijson-3.2.2-cp37-cp37m-manylinux_2_17_x86_64.manylinux2014_x86_64.whl", hash = "sha256:6a3972531b04e86725f5c0e9b55a91024278235b40d1a80fee53edc5e0b73634"},
    {file = "ijson-3.2.2-cp37-cp37m-musllinux_1_1_aarch64.whl", hash = "sha256:938ef367eef58287b65b721e7f769346f8e5bcc6726330dcb11ffd131ef633f8"},
    {file = "ijson-3.2.2-cp37-cp37m-musllinux_1_1_i686.whl", hash = "sha256:68bc6e4d0bdb1afcdbc7747ea75859f784942d82d359d1b2d5a88d18a7ac0cca"},
    {file = "ijson-3.2.2-cp37-cp37m-musllinux_1_1_x86_64.whl", hash = "sha256:4faca5c72ab53462f2f688ac9cfc5e31974bb46a539bca78d0830e5b28635b63"},
    {file = "ijson-3.2.2-cp37-cp37m-win32.whl", hash = "sha256:e5e103494cb05fc814c00eda9e5e32f6a0ddc0a85fd9763df41548946bd04c0f"},
    {file = "ijson-3.2.2-cp37-cp37m-win_amd64.whl", hash = "sha256:a5ff3714342262a748d21f55ebff350247c2ad64c506f9361cd2204d5fe390d7"},
    {file = "ijson-3.2.2-cp38-cp38-macosx_10_9_universal2.whl", hash = "sha256:8febaa3d81d0c62ba16ae10bd112edfa2e2b24a481a9952ba56770b6f1947d4a"},
    {file = "ijson-3.2.2-cp38-cp38-macosx_10_9_x86_64.whl", hash = "sha256:360c234f2759103fc024ae6e257f92689e0d48d96346dbcacbbbe81fbad7712e"},
    {file = "ijson-3.2.2-cp38-cp38-macosx_11_0_arm64.whl", hash = "sha256:e96631f4dd97a1f9ff9bb8c816a7794a202753d34048ecb9d5a4b0bf7a55c5e3"},
    {file = "ijson-3.2.2-cp38-cp38-manylinux_2_17_aarch64.manylinux2014_aarch64.whl", hash = "sha256:3700d5d9d196ce4b9da40a09f49e05e75d64f45765dbebe5cb4af74ec6dc039b"},
    {file = "ijson-3.2.2-cp38-cp38-manylinux_2_17_i686.manylinux2014_i686.whl", hash = "sha256:72007e353e00292a8b9d7a2558b1360d4351fae806fddc31832964228ce20698"},
    {file = "ijson-3.2.2-cp38-cp38-manylinux_2_17_x86_64.manylinux2014_x86_64.whl", hash = "sha256:5f03c1b1285743e6b688d2927105d1e6c5e6837832db88c9d57550219e757ae8"},
    {file = "ijson-3.2.2-cp38-cp38-musllinux_1_1_aarch64.whl", hash = "sha256:ab56d4f8e40ebb4004ffcddeeab982900dabfa7fef4b58a6654da3ca678d339a"},
    {file = "ijson-3.2.2-cp38-cp38-musllinux_1_1_i686.whl", hash = "sha256:dd4f9a69c0aef16f088804beb2d2c7e9e430b388f628de9116f2874440ffb45d"},
    {file = "ijson-3.2.2-cp38-cp38-musllinux_1_1_x86_64.whl", hash = "sha256:ed0de6b9a3082b28ecc5e5ae72dac8a5378ef1b50cf11f21d65a5d5343c0327d"},
    {file = "ijson-3.2.2-cp38-cp38-win32.whl", hash = "sha256:88b3547a702a5c5038dd1b99ebf2116af6c40c9dba246d51662e8c9f739e25f7"},
    {file = "ijson-3.2.2-cp38-cp38-win_amd64.whl", hash = "sha256:1c3643092a7895a7ffc21b6188d79de4ed0f4f4052eb278c6d7e20387f7d7074"},
    {file = "ijson-3.2.2-cp39-cp39-macosx_10_9_universal2.whl", hash = "sha256:40cbd9d14ff6fd4d6dd047cbec31e0c25466c91489378753c9c5feb78bfd23ba"},
    {file = "ijson-3.2.2-cp39-cp39-macosx_10_9_x86_64.whl", hash = "sha256:2a47e44dd758304e88b679eed6d322a1ad6feffb124d74d9f59071003243c9c9"},
    {file = "ijson-3.2.2-cp39-cp39-macosx_11_0_arm64.whl", hash = "sha256:54df86de05de3a1cf1269a1cd161468df542765720b5717d0740048fc0d57363"},
    {file = "ijson-3.2.2-cp39-cp39-manylinux_2_17_aarch64.manylinux2014_aarch64.whl", hash = "sha256:ac7c78f99003e340b0d4c2465ecaf75505686c7fd4abbb21187ad009823ecd33"},
    {file = "ijson-3.2.2-cp39-cp39-manylinux_2_17_i686.manylinux2014_i686.whl", hash = "sha256:c0c7ad1df5ce587815dbfa2db09e110ebe43ada287736a1bf00e783e9d6bcc14"},
    {file = "ijson-3.2.2-cp39-cp39-manylinux_2_17_x86_64.manylinux2014_x86_64.whl", hash = "sha256:08debb0373ff86dd912b3d8fd4e40b759fc2d474191754beb72ea1044edb8947"},
    {file = "ijson-3.2.2-cp39-cp39-musllinux_1_1_aarch64.whl", hash = "sha256:68aecc259ec213e2af9ce9472e7cc7f8158420229c8dcf0338528bf4261dbaf9"},
    {file = "ijson-3.2.2-cp39-cp39-musllinux_1_1_i686.whl", hash = "sha256:8d4cf867c3fe88981bac3094e0842047811e5bf3894abb6d8b3408a25cd8a177"},
    {file = "ijson-3.2.2-cp39-cp39-musllinux_1_1_x86_64.whl", hash = "sha256:a86c05d08f6f122e60dc391859144bd61d2d9be880d257f61bb267a4b2556b0d"},
    {file = "ijson-3.2.2-cp39-cp39-win32.whl", hash = "sha256:f1dbb2f38a816066669875ef0ac5f65389e9678ee922301e05d411404b443dc5"},
    {file = "ijson-3.2.2-cp39-cp39-win_amd64.whl", hash = "sha256:4f206866b90ff79702b82aee5910e52a6a1a2a8d91333ad3454d17cde996eea2"},
    {file = "ijson-3.2.2-pp37-pypy37_pp73-macosx_10_9_x86_64.whl", hash = "sha256:b21ad922095a6bdc3d284680f601367de8ccafdde1c6f1515ac1004499b58939"},
    {file = "ijson-3.2.2-pp37-pypy37_pp73-manylinux_2_17_aarch64.manylinux2014_aarch64.whl", hash = "sha256:9f6debf5f06d628ae43a680d6ecd0e26d2c3c54b0b1e1c3a103a7085545e5dd1"},
    {file = "ijson-3.2.2-pp37-pypy37_pp73-manylinux_2_17_i686.manylinux2014_i686.whl", hash = "sha256:5d2a4fafcddb0dc7a716df7e68fa4bb8b226d8cf54af27c2e614ca2249989950"},
    {file = "ijson-3.2.2-pp37-pypy37_pp73-manylinux_2_17_x86_64.manylinux2014_x86_64.whl", hash = "sha256:3575ccf1119ed5d373fa7de882978e8e6172ffe16bae9dbb4ca708caf45bcee0"},
    {file = "ijson-3.2.2-pp37-pypy37_pp73-win_amd64.whl", hash = "sha256:48e0925dea7a4357cd824ef71834f1e444fd9d9536b076a304e4e3219c0133d5"},
    {file = "ijson-3.2.2-pp38-pypy38_pp73-macosx_10_9_x86_64.whl", hash = "sha256:a5001813b8d6558bda9af6bb24a3fae99377d92eb6b41ddd1ec4df548683d604"},
    {file = "ijson-3.2.2-pp38-pypy38_pp73-manylinux_2_17_aarch64.manylinux2014_aarch64.whl", hash = "sha256:95a16530f07fd576a70cc3482f9935d1b5f7207e87cf62facfa19b9d027977c4"},
    {file = "ijson-3.2.2-pp38-pypy38_pp73-manylinux_2_17_i686.manylinux2014_i686.whl", hash = "sha256:4a981d22b8f89be2db50def8a9e92d87c3b86f4e36be5d93130962654f5baa3f"},
    {file = "ijson-3.2.2-pp38-pypy38_pp73-manylinux_2_17_x86_64.manylinux2014_x86_64.whl", hash = "sha256:f1d59dfc5cb2f0c9ba756b0a63070e8e3f015318a56fb396f3046f9df0b48042"},
    {file = "ijson-3.2.2-pp38-pypy38_pp73-win_amd64.whl", hash = "sha256:bfa3d2fa57225d90af42c436a23c1829c6b8c40ce105534266f81a98755d6fb2"},
    {file = "ijson-3.2.2-pp39-pypy39_pp73-macosx_10_9_x86_64.whl", hash = "sha256:8eddcf9a7d08e404231d8457b856ba9b62aa0b4cdcf2bf64b3bac2e8eca73743"},
    {file = "ijson-3.2.2-pp39-pypy39_pp73-manylinux_2_17_aarch64.manylinux2014_aarch64.whl", hash = "sha256:fee77bbdf86d3c64219479a06f95bd737bce376c2ab04df36c8c386505ada678"},
    {file = "ijson-3.2.2-pp39-pypy39_pp73-manylinux_2_17_i686.manylinux2014_i686.whl", hash = "sha256:822f2fe7a3c1e2ff62b2578159a7b4bf752db308eb907276a528dd6b919a232e"},
    {file = "ijson-3.2.2-pp39-pypy39_pp73-manylinux_2_17_x86_64.manylinux2014_x86_64.whl", hash = "sha256:163fe391bfb7a024063d7020b0afc0db615d5bf112e92acc87d93b627c53c7b1"},
    {file = "ijson-3.2.2-pp39-pypy39_pp73-win_amd64.whl", hash = "sha256:0aa0e0bbd205ee8ad4f64443f002cc23f668492c96d19d3181d1904fc9a46eb6"},
    {file = "ijson-3.2.2.tar.gz", hash = "sha256:b9883c8716001d7a5c8185905208e40a77eef9b2a73dbce4d189ceb092aa93bd"},
]

[[package]]
name = "numpy"
version = "1.25.1"
description = "Fundamental package for array computing in Python"
optional = false
python-versions = ">=3.9"
files = [
    {file = "numpy-1.25.1-cp310-cp310-macosx_10_9_x86_64.whl", hash = "sha256:77d339465dff3eb33c701430bcb9c325b60354698340229e1dff97745e6b3efa"},
    {file = "numpy-1.25.1-cp310-cp310-macosx_11_0_arm64.whl", hash = "sha256:d736b75c3f2cb96843a5c7f8d8ccc414768d34b0a75f466c05f3a739b406f10b"},
    {file = "numpy-1.25.1-cp310-cp310-manylinux_2_17_aarch64.manylinux2014_aarch64.whl", hash = "sha256:4a90725800caeaa160732d6b31f3f843ebd45d6b5f3eec9e8cc287e30f2805bf"},
    {file = "numpy-1.25.1-cp310-cp310-manylinux_2_17_x86_64.manylinux2014_x86_64.whl", hash = "sha256:6c6c9261d21e617c6dc5eacba35cb68ec36bb72adcff0dee63f8fbc899362588"},
    {file = "numpy-1.25.1-cp310-cp310-musllinux_1_1_x86_64.whl", hash = "sha256:0def91f8af6ec4bb94c370e38c575855bf1d0be8a8fbfba42ef9c073faf2cf19"},
    {file = "numpy-1.25.1-cp310-cp310-win32.whl", hash = "sha256:fd67b306320dcadea700a8f79b9e671e607f8696e98ec255915c0c6d6b818503"},
    {file = "numpy-1.25.1-cp310-cp310-win_amd64.whl", hash = "sha256:c1516db588987450b85595586605742879e50dcce923e8973f79529651545b57"},
    {file = "numpy-1.25.1-cp311-cp311-macosx_10_9_x86_64.whl", hash = "sha256:6b82655dd8efeea69dbf85d00fca40013d7f503212bc5259056244961268b66e"},
    {file = "numpy-1.25.1-cp311-cp311-macosx_11_0_arm64.whl", hash = "sha256:e8f6049c4878cb16960fbbfb22105e49d13d752d4d8371b55110941fb3b17800"},
    {file = "numpy-1.25.1-cp311-cp311-manylinux_2_17_aarch64.manylinux2014_aarch64.whl", hash = "sha256:41a56b70e8139884eccb2f733c2f7378af06c82304959e174f8e7370af112e09"},
    {file = "numpy-1.25.1-cp311-cp311-manylinux_2_17_x86_64.manylinux2014_x86_64.whl", hash = "sha256:d5154b1a25ec796b1aee12ac1b22f414f94752c5f94832f14d8d6c9ac40bcca6"},
    {file = "numpy-1.25.1-cp311-cp311-musllinux_1_1_x86_64.whl", hash = "sha256:38eb6548bb91c421261b4805dc44def9ca1a6eef6444ce35ad1669c0f1a3fc5d"},
    {file = "numpy-1.25.1-cp311-cp311-win32.whl", hash = "sha256:791f409064d0a69dd20579345d852c59822c6aa087f23b07b1b4e28ff5880fcb"},
    {file = "numpy-1.25.1-cp311-cp311-win_amd64.whl", hash = "sha256:c40571fe966393b212689aa17e32ed905924120737194b5d5c1b20b9ed0fb171"},
    {file = "numpy-1.25.1-cp39-cp39-macosx_10_9_x86_64.whl", hash = "sha256:3d7abcdd85aea3e6cdddb59af2350c7ab1ed764397f8eec97a038ad244d2d105"},
    {file = "numpy-1.25.1-cp39-cp39-macosx_11_0_arm64.whl", hash = "sha256:1a180429394f81c7933634ae49b37b472d343cccb5bb0c4a575ac8bbc433722f"},
    {file = "numpy-1.25.1-cp39-cp39-manylinux_2_17_aarch64.manylinux2014_aarch64.whl", hash = "sha256:d412c1697c3853c6fc3cb9751b4915859c7afe6a277c2bf00acf287d56c4e625"},
    {file = "numpy-1.25.1-cp39-cp39-manylinux_2_17_x86_64.manylinux2014_x86_64.whl", hash = "sha256:20e1266411120a4f16fad8efa8e0454d21d00b8c7cee5b5ccad7565d95eb42dd"},
    {file = "numpy-1.25.1-cp39-cp39-musllinux_1_1_x86_64.whl", hash = "sha256:f76aebc3358ade9eacf9bc2bb8ae589863a4f911611694103af05346637df1b7"},
    {file = "numpy-1.25.1-cp39-cp39-win32.whl", hash = "sha256:247d3ffdd7775bdf191f848be8d49100495114c82c2bd134e8d5d075fb386a1c"},
    {file = "numpy-1.25.1-cp39-cp39-win_amd64.whl", hash = "sha256:1d5d3c68e443c90b38fdf8ef40e60e2538a27548b39b12b73132456847f4b631"},
    {file = "numpy-1.25.1-pp39-pypy39_pp73-macosx_10_9_x86_64.whl", hash = "sha256:35a9527c977b924042170a0887de727cd84ff179e478481404c5dc66b4170009"},
    {file = "numpy-1.25.1-pp39-pypy39_pp73-manylinux_2_17_x86_64.manylinux2014_x86_64.whl", hash = "sha256:0d3fe3dd0506a28493d82dc3cf254be8cd0d26f4008a417385cbf1ae95b54004"},
    {file = "numpy-1.25.1-pp39-pypy39_pp73-win_amd64.whl", hash = "sha256:012097b5b0d00a11070e8f2e261128c44157a8689f7dedcf35576e525893f4fe"},
    {file = "numpy-1.25.1.tar.gz", hash = "sha256:9a3a9f3a61480cc086117b426a8bd86869c213fc4072e606f01c4e4b66eb92bf"},
]

[[package]]
name = "pandas"
version = "2.0.3"
description = "Powerful data structures for data analysis, time series, and statistics"
optional = false
python-versions = ">=3.8"
files = [
    {file = "pandas-2.0.3-cp310-cp310-macosx_10_9_x86_64.whl", hash = "sha256:e4c7c9f27a4185304c7caf96dc7d91bc60bc162221152de697c98eb0b2648dd8"},
    {file = "pandas-2.0.3-cp310-cp310-macosx_11_0_arm64.whl", hash = "sha256:f167beed68918d62bffb6ec64f2e1d8a7d297a038f86d4aed056b9493fca407f"},
    {file = "pandas-2.0.3-cp310-cp310-manylinux_2_17_aarch64.manylinux2014_aarch64.whl", hash = "sha256:ce0c6f76a0f1ba361551f3e6dceaff06bde7514a374aa43e33b588ec10420183"},
    {file = "pandas-2.0.3-cp310-cp310-manylinux_2_17_x86_64.manylinux2014_x86_64.whl", hash = "sha256:ba619e410a21d8c387a1ea6e8a0e49bb42216474436245718d7f2e88a2f8d7c0"},
    {file = "pandas-2.0.3-cp310-cp310-win32.whl", hash = "sha256:3ef285093b4fe5058eefd756100a367f27029913760773c8bf1d2d8bebe5d210"},
    {file = "pandas-2.0.3-cp310-cp310-win_amd64.whl", hash = "sha256:9ee1a69328d5c36c98d8e74db06f4ad518a1840e8ccb94a4ba86920986bb617e"},
    {file = "pandas-2.0.3-cp311-cp311-macosx_10_9_x86_64.whl", hash = "sha256:b084b91d8d66ab19f5bb3256cbd5ea661848338301940e17f4492b2ce0801fe8"},
    {file = "pandas-2.0.3-cp311-cp311-macosx_11_0_arm64.whl", hash = "sha256:37673e3bdf1551b95bf5d4ce372b37770f9529743d2498032439371fc7b7eb26"},
    {file = "pandas-2.0.3-cp311-cp311-manylinux_2_17_aarch64.manylinux2014_aarch64.whl", hash = "sha256:b9cb1e14fdb546396b7e1b923ffaeeac24e4cedd14266c3497216dd4448e4f2d"},
    {file = "pandas-2.0.3-cp311-cp311-manylinux_2_17_x86_64.manylinux2014_x86_64.whl", hash = "sha256:d9cd88488cceb7635aebb84809d087468eb33551097d600c6dad13602029c2df"},
    {file = "pandas-2.0.3-cp311-cp311-win32.whl", hash = "sha256:694888a81198786f0e164ee3a581df7d505024fbb1f15202fc7db88a71d84ebd"},
    {file = "pandas-2.0.3-cp311-cp311-win_amd64.whl", hash = "sha256:6a21ab5c89dcbd57f78d0ae16630b090eec626360085a4148693def5452d8a6b"},
    {file = "pandas-2.0.3-cp38-cp38-macosx_10_9_x86_64.whl", hash = "sha256:9e4da0d45e7f34c069fe4d522359df7d23badf83abc1d1cef398895822d11061"},
    {file = "pandas-2.0.3-cp38-cp38-macosx_11_0_arm64.whl", hash = "sha256:32fca2ee1b0d93dd71d979726b12b61faa06aeb93cf77468776287f41ff8fdc5"},
    {file = "pandas-2.0.3-cp38-cp38-manylinux_2_17_aarch64.manylinux2014_aarch64.whl", hash = "sha256:258d3624b3ae734490e4d63c430256e716f488c4fcb7c8e9bde2d3aa46c29089"},
    {file = "pandas-2.0.3-cp38-cp38-manylinux_2_17_x86_64.manylinux2014_x86_64.whl", hash = "sha256:9eae3dc34fa1aa7772dd3fc60270d13ced7346fcbcfee017d3132ec625e23bb0"},
    {file = "pandas-2.0.3-cp38-cp38-win32.whl", hash = "sha256:f3421a7afb1a43f7e38e82e844e2bca9a6d793d66c1a7f9f0ff39a795bbc5e02"},
    {file = "pandas-2.0.3-cp38-cp38-win_amd64.whl", hash = "sha256:69d7f3884c95da3a31ef82b7618af5710dba95bb885ffab339aad925c3e8ce78"},
    {file = "pandas-2.0.3-cp39-cp39-macosx_10_9_x86_64.whl", hash = "sha256:5247fb1ba347c1261cbbf0fcfba4a3121fbb4029d95d9ef4dc45406620b25c8b"},
    {file = "pandas-2.0.3-cp39-cp39-macosx_11_0_arm64.whl", hash = "sha256:81af086f4543c9d8bb128328b5d32e9986e0c84d3ee673a2ac6fb57fd14f755e"},
    {file = "pandas-2.0.3-cp39-cp39-manylinux_2_17_aarch64.manylinux2014_aarch64.whl", hash = "sha256:1994c789bf12a7c5098277fb43836ce090f1073858c10f9220998ac74f37c69b"},
    {file = "pandas-2.0.3-cp39-cp39-manylinux_2_17_x86_64.manylinux2014_x86_64.whl", hash = "sha256:5ec591c48e29226bcbb316e0c1e9423622bc7a4eaf1ef7c3c9fa1a3981f89641"},
    {file = "pandas-2.0.3-cp39-cp39-win32.whl", hash = "sha256:04dbdbaf2e4d46ca8da896e1805bc04eb85caa9a82e259e8eed00254d5e0c682"},
    {file = "pandas-2.0.3-cp39-cp39-win_amd64.whl", hash = "sha256:1168574b036cd8b93abc746171c9b4f1b83467438a5e45909fed645cf8692dbc"},
    {file = "pandas-2.0.3.tar.gz", hash = "sha256:c02f372a88e0d17f36d3093a644c73cfc1788e876a7c4bcb4020a77512e2043c"},
]

[package.dependencies]
numpy = [
    {version = ">=1.21.0", markers = "python_version >= \"3.10\""},
    {version = ">=1.23.2", markers = "python_version >= \"3.11\""},
]
python-dateutil = ">=2.8.2"
pytz = ">=2020.1"
tzdata = ">=2022.1"

[package.extras]
all = ["PyQt5 (>=5.15.1)", "SQLAlchemy (>=1.4.16)", "beautifulsoup4 (>=4.9.3)", "bottleneck (>=1.3.2)", "brotlipy (>=0.7.0)", "fastparquet (>=0.6.3)", "fsspec (>=2021.07.0)", "gcsfs (>=2021.07.0)", "html5lib (>=1.1)", "hypothesis (>=6.34.2)", "jinja2 (>=3.0.0)", "lxml (>=4.6.3)", "matplotlib (>=3.6.1)", "numba (>=0.53.1)", "numexpr (>=2.7.3)", "odfpy (>=1.4.1)", "openpyxl (>=3.0.7)", "pandas-gbq (>=0.15.0)", "psycopg2 (>=2.8.6)", "pyarrow (>=7.0.0)", "pymysql (>=1.0.2)", "pyreadstat (>=1.1.2)", "pytest (>=7.3.2)", "pytest-asyncio (>=0.17.0)", "pytest-xdist (>=2.2.0)", "python-snappy (>=0.6.0)", "pyxlsb (>=1.0.8)", "qtpy (>=2.2.0)", "s3fs (>=2021.08.0)", "scipy (>=1.7.1)", "tables (>=3.6.1)", "tabulate (>=0.8.9)", "xarray (>=0.21.0)", "xlrd (>=2.0.1)", "xlsxwriter (>=1.4.3)", "zstandard (>=0.15.2)"]
aws = ["s3fs (>=2021.08.0)"]
clipboard = ["PyQt5 (>=5.15.1)", "qtpy (>=2.2.0)"]
compression = ["brotlipy (>=0.7.0)", "python-snappy (>=0.6.0)", "zstandard (>=0.15.2)"]
computation = ["scipy (>=1.7.1)", "xarray (>=0.21.0)"]
excel = ["odfpy (>=1.4.1)", "openpyxl (>=3.0.7)", "pyxlsb (>=1.0.8)", "xlrd (>=2.0.1)", "xlsxwriter (>=1.4.3)"]
feather = ["pyarrow (>=7.0.0)"]
fss = ["fsspec (>=2021.07.0)"]
gcp = ["gcsfs (>=2021.07.0)", "pandas-gbq (>=0.15.0)"]
hdf5 = ["tables (>=3.6.1)"]
html = ["beautifulsoup4 (>=4.9.3)", "html5lib (>=1.1)", "lxml (>=4.6.3)"]
mysql = ["SQLAlchemy (>=1.4.16)", "pymysql (>=1.0.2)"]
output-formatting = ["jinja2 (>=3.0.0)", "tabulate (>=0.8.9)"]
parquet = ["pyarrow (>=7.0.0)"]
performance = ["bottleneck (>=1.3.2)", "numba (>=0.53.1)", "numexpr (>=2.7.1)"]
plot = ["matplotlib (>=3.6.1)"]
postgresql = ["SQLAlchemy (>=1.4.16)", "psycopg2 (>=2.8.6)"]
spss = ["pyreadstat (>=1.1.2)"]
sql-other = ["SQLAlchemy (>=1.4.16)"]
test = ["hypothesis (>=6.34.2)", "pytest (>=7.3.2)", "pytest-asyncio (>=0.17.0)", "pytest-xdist (>=2.2.0)"]
xml = ["lxml (>=4.6.3)"]

[[package]]
name = "python-dateutil"
version = "2.8.2"
description = "Extensions to the standard Python datetime module"
optional = false
python-versions = "!=3.0.*,!=3.1.*,!=3.2.*,>=2.7"
files = [
    {file = "python-dateutil-2.8.2.tar.gz", hash = "sha256:0123cacc1627ae19ddf3c27a5de5bd67ee4586fbdd6440d9748f8abb483d3e86"},
    {file = "python_dateutil-2.8.2-py2.py3-none-any.whl", hash = "sha256:961d03dc3453ebbc59dbdea9e4e11c5651520a876d0f4db161e8674aae935da9"},
]

[package.dependencies]
six = ">=1.5"

[[package]]
name = "pytz"
version = "2023.3"
description = "World timezone definitions, modern and historical"
optional = false
python-versions = "*"
files = [
    {file = "pytz-2023.3-py2.py3-none-any.whl", hash = "sha256:a151b3abb88eda1d4e34a9814df37de2a80e301e68ba0fd856fb9b46bfbbbffb"},
    {file = "pytz-2023.3.tar.gz", hash = "sha256:1d8ce29db189191fb55338ee6d0387d82ab59f3d00eac103412d64e0ebd0c588"},
]

[[package]]
name = "setuptools"
version = "68.0.0"
description = "Easily download, build, install, upgrade, and uninstall Python packages"
optional = false
python-versions = ">=3.7"
files = [
    {file = "setuptools-68.0.0-py3-none-any.whl", hash = "sha256:11e52c67415a381d10d6b462ced9cfb97066179f0e871399e006c4ab101fc85f"},
    {file = "setuptools-68.0.0.tar.gz", hash = "sha256:baf1fdb41c6da4cd2eae722e135500da913332ab3f2f5c7d33af9b492acb5235"},
]

[package.extras]
docs = ["furo", "jaraco.packaging (>=9)", "jaraco.tidelift (>=1.4)", "pygments-github-lexers (==0.0.5)", "rst.linker (>=1.9)", "sphinx (>=3.5)", "sphinx-favicon", "sphinx-hoverxref (<2)", "sphinx-inline-tabs", "sphinx-lint", "sphinx-notfound-page (==0.8.3)", "sphinx-reredirects", "sphinxcontrib-towncrier"]
testing = ["build[virtualenv]", "filelock (>=3.4.0)", "flake8-2020", "ini2toml[lite] (>=0.9)", "jaraco.envs (>=2.2)", "jaraco.path (>=3.2.0)", "pip (>=19.1)", "pip-run (>=8.8)", "pytest (>=6)", "pytest-black (>=0.3.7)", "pytest-checkdocs (>=2.4)", "pytest-cov", "pytest-enabler (>=1.3)", "pytest-mypy (>=0.9.1)", "pytest-perf", "pytest-ruff", "pytest-timeout", "pytest-xdist", "tomli-w (>=1.0.0)", "virtualenv (>=13.0.0)", "wheel"]
testing-integration = ["build[virtualenv]", "filelock (>=3.4.0)", "jaraco.envs (>=2.2)", "jaraco.path (>=3.2.0)", "pytest", "pytest-enabler", "pytest-xdist", "tomli", "virtualenv (>=13.0.0)", "wheel"]

[[package]]
name = "six"
version = "1.16.0"
description = "Python 2 and 3 compatibility utilities"
optional = false
python-versions = ">=2.7, !=3.0.*, !=3.1.*, !=3.2.*"
files = [
    {file = "six-1.16.0-py2.py3-none-any.whl", hash = "sha256:8abb2f1d86890a2dfb989f9a77cfcfd3e47c2a354b01111771326f8aa26e0254"},
    {file = "six-1.16.0.tar.gz", hash = "sha256:1e61c37477a1626458e36f7b1d82aa5c9b094fa4802892072e49de9c60c4c926"},
]

[[package]]
name = "sniffio"
version = "1.3.0"
description = "Sniff out which async library your code is running under"
optional = false
python-versions = ">=3.7"
files = [
    {file = "sniffio-1.3.0-py3-none-any.whl", hash = "sha256:eecefdce1e5bbfb7ad2eeaabf7c1eeb404d7757c379bd1f7e5cce9d8bf425384"},
    {file = "sniffio-1.3.0.tar.gz", hash = "sha256:e60305c5e5d314f5389259b7f22aaa33d8f7dee49763119234af3755c55b9101"},
]

[[package]]
name = "tzdata"
version = "2023.3"
description = "Provider of IANA time zone data"
optional = false
python-versions = ">=2"
files = [
    {file = "tzdata-2023.3-py2.py3-none-any.whl", hash = "sha256:7e65763eef3120314099b6939b5546db7adce1e7d6f2e179e3df563c70511eda"},
    {file = "tzdata-2023.3.tar.gz", hash = "sha256:11ef1e08e54acb0d4f95bdb1be05da659673de4acbd21bf9c69e94cc5e907a3a"},
]

[[package]]
name = "tzlocal"
version = "5.0.1"
description = "tzinfo object for the local timezone"
optional = false
python-versions = ">=3.7"
files = [
    {file = "tzlocal-5.0.1-py3-none-any.whl", hash = "sha256:f3596e180296aaf2dbd97d124fe76ae3a0e3d32b258447de7b939b3fd4be992f"},
    {file = "tzlocal-5.0.1.tar.gz", hash = "sha256:46eb99ad4bdb71f3f72b7d24f4267753e240944ecfc16f25d2719ba89827a803"},
]

[package.dependencies]
tzdata = {version = "*", markers = "platform_system == \"Windows\""}

[package.extras]
devenv = ["black", "check-manifest", "flake8", "pyroma", "pytest (>=4.3)", "pytest-cov", "pytest-mock (>=3.3)", "zest.releaser"]

[metadata]
lock-version = "2.0"
python-versions = "^3.10"
content-hash = "a71a80ff2a93f3e0c77b0c8e63e05c54da7784366b3d2cc26c3719347504f6e1"
